// !$*UTF8*$!
{
	archiveVersion = 1;
	classes = {
	};
	objectVersion = 56;
	objects = {

/* Begin PBXBuildFile section */
		D30E0E0D2BE1585300877A41 /* AppDelegate.swift in Sources */ = {isa = PBXBuildFile; fileRef = D30E0E0C2BE1585300877A41 /* AppDelegate.swift */; };
		D30E0E0F2BE1585300877A41 /* SceneDelegate.swift in Sources */ = {isa = PBXBuildFile; fileRef = D30E0E0E2BE1585300877A41 /* SceneDelegate.swift */; };
		D30E0E112BE1585300877A41 /* ViewController.swift in Sources */ = {isa = PBXBuildFile; fileRef = D30E0E102BE1585300877A41 /* ViewController.swift */; };
		D30E0E142BE1585300877A41 /* Main.storyboard in Resources */ = {isa = PBXBuildFile; fileRef = D30E0E122BE1585300877A41 /* Main.storyboard */; };
		D30E0E162BE1585500877A41 /* Assets.xcassets in Resources */ = {isa = PBXBuildFile; fileRef = D30E0E152BE1585500877A41 /* Assets.xcassets */; };
		D30E0E192BE1585500877A41 /* LaunchScreen.storyboard in Resources */ = {isa = PBXBuildFile; fileRef = D30E0E172BE1585500877A41 /* LaunchScreen.storyboard */; };
		D30E0E242BE1585500877A41 /* TwitterCounterTests.swift in Sources */ = {isa = PBXBuildFile; fileRef = D30E0E232BE1585500877A41 /* TwitterCounterTests.swift */; };
		D30E0E2E2BE1585500877A41 /* TwitterCounterUITests.swift in Sources */ = {isa = PBXBuildFile; fileRef = D30E0E2D2BE1585500877A41 /* TwitterCounterUITests.swift */; };
		D30E0E302BE1585500877A41 /* TwitterCounterUITestsLaunchTests.swift in Sources */ = {isa = PBXBuildFile; fileRef = D30E0E2F2BE1585500877A41 /* TwitterCounterUITestsLaunchTests.swift */; };
		D30E0E3F2BE1591A00877A41 /* CustomSplashViewController.swift in Sources */ = {isa = PBXBuildFile; fileRef = D30E0E3D2BE1591A00877A41 /* CustomSplashViewController.swift */; };
		D30E0E402BE1591A00877A41 /* CustomSplashViewController.xib in Resources */ = {isa = PBXBuildFile; fileRef = D30E0E3E2BE1591A00877A41 /* CustomSplashViewController.xib */; };
		D30E0E462BE15A4900877A41 /* TWTextEditorSDK in Frameworks */ = {isa = PBXBuildFile; productRef = D30E0E452BE15A4900877A41 /* TWTextEditorSDK */; };
		D30E0E4A2BE15AD800877A41 /* TwitterCharactersCounterViewController.swift in Sources */ = {isa = PBXBuildFile; fileRef = D30E0E482BE15AD800877A41 /* TwitterCharactersCounterViewController.swift */; };
		D30E0E4E2BE15C3100877A41 /* TwitterCharactersCounterViewController.xib in Resources */ = {isa = PBXBuildFile; fileRef = D30E0E4D2BE15C3100877A41 /* TwitterCharactersCounterViewController.xib */; };
		D3CD1A912BE3023C007D9261 /* HTTPMethod.swift in Sources */ = {isa = PBXBuildFile; fileRef = D3CD1A8D2BE3023C007D9261 /* HTTPMethod.swift */; };
		D3CD1A922BE3023C007D9261 /* NetworkService.swift in Sources */ = {isa = PBXBuildFile; fileRef = D3CD1A8E2BE3023C007D9261 /* NetworkService.swift */; };
		D3CD1A932BE3023C007D9261 /* EndPoint.swift in Sources */ = {isa = PBXBuildFile; fileRef = D3CD1A8F2BE3023C007D9261 /* EndPoint.swift */; };
		D3CD1A942BE3023C007D9261 /* URLSessionNetworkService.swift in Sources */ = {isa = PBXBuildFile; fileRef = D3CD1A902BE3023C007D9261 /* URLSessionNetworkService.swift */; };
		D3CD1A972BE3045E007D9261 /* OAuthSwift in Frameworks */ = {isa = PBXBuildFile; productRef = D3CD1A962BE3045E007D9261 /* OAuthSwift */; };
		D3CD1A9A2BE3896C007D9261 /* Models.swift in Sources */ = {isa = PBXBuildFile; fileRef = D3CD1A992BE3896C007D9261 /* Models.swift */; };
/* End PBXBuildFile section */

/* Begin PBXContainerItemProxy section */
		D30E0E202BE1585500877A41 /* PBXContainerItemProxy */ = {
			isa = PBXContainerItemProxy;
			containerPortal = D30E0E012BE1585300877A41 /* Project object */;
			proxyType = 1;
			remoteGlobalIDString = D30E0E082BE1585300877A41;
			remoteInfo = TwitterCounter;
		};
		D30E0E2A2BE1585500877A41 /* PBXContainerItemProxy */ = {
			isa = PBXContainerItemProxy;
			containerPortal = D30E0E012BE1585300877A41 /* Project object */;
			proxyType = 1;
			remoteGlobalIDString = D30E0E082BE1585300877A41;
			remoteInfo = TwitterCounter;
		};
/* End PBXContainerItemProxy section */

/* Begin PBXFileReference section */
		D30E0E092BE1585300877A41 /* TwitterCounter.app */ = {isa = PBXFileReference; explicitFileType = wrapper.application; includeInIndex = 0; path = TwitterCounter.app; sourceTree = BUILT_PRODUCTS_DIR; };
		D30E0E0C2BE1585300877A41 /* AppDelegate.swift */ = {isa = PBXFileReference; lastKnownFileType = sourcecode.swift; path = AppDelegate.swift; sourceTree = "<group>"; };
		D30E0E0E2BE1585300877A41 /* SceneDelegate.swift */ = {isa = PBXFileReference; lastKnownFileType = sourcecode.swift; path = SceneDelegate.swift; sourceTree = "<group>"; };
		D30E0E102BE1585300877A41 /* ViewController.swift */ = {isa = PBXFileReference; lastKnownFileType = sourcecode.swift; path = ViewController.swift; sourceTree = "<group>"; };
		D30E0E132BE1585300877A41 /* Base */ = {isa = PBXFileReference; lastKnownFileType = file.storyboard; name = Base; path = Base.lproj/Main.storyboard; sourceTree = "<group>"; };
		D30E0E152BE1585500877A41 /* Assets.xcassets */ = {isa = PBXFileReference; lastKnownFileType = folder.assetcatalog; path = Assets.xcassets; sourceTree = "<group>"; };
		D30E0E182BE1585500877A41 /* Base */ = {isa = PBXFileReference; lastKnownFileType = file.storyboard; name = Base; path = Base.lproj/LaunchScreen.storyboard; sourceTree = "<group>"; };
		D30E0E1A2BE1585500877A41 /* Info.plist */ = {isa = PBXFileReference; lastKnownFileType = text.plist.xml; path = Info.plist; sourceTree = "<group>"; };
		D30E0E1F2BE1585500877A41 /* TwitterCounterTests.xctest */ = {isa = PBXFileReference; explicitFileType = wrapper.cfbundle; includeInIndex = 0; path = TwitterCounterTests.xctest; sourceTree = BUILT_PRODUCTS_DIR; };
		D30E0E232BE1585500877A41 /* TwitterCounterTests.swift */ = {isa = PBXFileReference; lastKnownFileType = sourcecode.swift; path = TwitterCounterTests.swift; sourceTree = "<group>"; };
		D30E0E292BE1585500877A41 /* TwitterCounterUITests.xctest */ = {isa = PBXFileReference; explicitFileType = wrapper.cfbundle; includeInIndex = 0; path = TwitterCounterUITests.xctest; sourceTree = BUILT_PRODUCTS_DIR; };
		D30E0E2D2BE1585500877A41 /* TwitterCounterUITests.swift */ = {isa = PBXFileReference; lastKnownFileType = sourcecode.swift; path = TwitterCounterUITests.swift; sourceTree = "<group>"; };
		D30E0E2F2BE1585500877A41 /* TwitterCounterUITestsLaunchTests.swift */ = {isa = PBXFileReference; lastKnownFileType = sourcecode.swift; path = TwitterCounterUITestsLaunchTests.swift; sourceTree = "<group>"; };
		D30E0E3D2BE1591A00877A41 /* CustomSplashViewController.swift */ = {isa = PBXFileReference; lastKnownFileType = sourcecode.swift; path = CustomSplashViewController.swift; sourceTree = "<group>"; };
		D30E0E3E2BE1591A00877A41 /* CustomSplashViewController.xib */ = {isa = PBXFileReference; lastKnownFileType = file.xib; path = CustomSplashViewController.xib; sourceTree = "<group>"; };
		D30E0E482BE15AD800877A41 /* TwitterCharactersCounterViewController.swift */ = {isa = PBXFileReference; lastKnownFileType = sourcecode.swift; path = TwitterCharactersCounterViewController.swift; sourceTree = "<group>"; };
		D30E0E4D2BE15C3100877A41 /* TwitterCharactersCounterViewController.xib */ = {isa = PBXFileReference; fileEncoding = 4; lastKnownFileType = file.xib; path = TwitterCharactersCounterViewController.xib; sourceTree = "<group>"; };
		D33864E02BE3AD3600E51403 /* TWTextEditorSDK */ = {isa = PBXFileReference; lastKnownFileType = wrapper; name = TWTextEditorSDK; path = ../TWTextEditorSDK; sourceTree = "<group>"; };
		D3CD1A8D2BE3023C007D9261 /* HTTPMethod.swift */ = {isa = PBXFileReference; fileEncoding = 4; lastKnownFileType = sourcecode.swift; path = HTTPMethod.swift; sourceTree = "<group>"; };
		D3CD1A8E2BE3023C007D9261 /* NetworkService.swift */ = {isa = PBXFileReference; fileEncoding = 4; lastKnownFileType = sourcecode.swift; path = NetworkService.swift; sourceTree = "<group>"; };
		D3CD1A8F2BE3023C007D9261 /* EndPoint.swift */ = {isa = PBXFileReference; fileEncoding = 4; lastKnownFileType = sourcecode.swift; path = EndPoint.swift; sourceTree = "<group>"; };
		D3CD1A902BE3023C007D9261 /* URLSessionNetworkService.swift */ = {isa = PBXFileReference; fileEncoding = 4; lastKnownFileType = sourcecode.swift; path = URLSessionNetworkService.swift; sourceTree = "<group>"; };
		D3CD1A992BE3896C007D9261 /* Models.swift */ = {isa = PBXFileReference; lastKnownFileType = sourcecode.swift; path = Models.swift; sourceTree = "<group>"; };
/* End PBXFileReference section */

/* Begin PBXFrameworksBuildPhase section */
		D30E0E062BE1585300877A41 /* Frameworks */ = {
			isa = PBXFrameworksBuildPhase;
			buildActionMask = 2147483647;
			files = (
				D3CD1A972BE3045E007D9261 /* OAuthSwift in Frameworks */,
				D30E0E462BE15A4900877A41 /* TWTextEditorSDK in Frameworks */,
			);
			runOnlyForDeploymentPostprocessing = 0;
		};
		D30E0E1C2BE1585500877A41 /* Frameworks */ = {
			isa = PBXFrameworksBuildPhase;
			buildActionMask = 2147483647;
			files = (
			);
			runOnlyForDeploymentPostprocessing = 0;
		};
		D30E0E262BE1585500877A41 /* Frameworks */ = {
			isa = PBXFrameworksBuildPhase;
			buildActionMask = 2147483647;
			files = (
			);
			runOnlyForDeploymentPostprocessing = 0;
		};
/* End PBXFrameworksBuildPhase section */

/* Begin PBXGroup section */
		D30E0E002BE1585300877A41 = {
			isa = PBXGroup;
			children = (
				D33864E02BE3AD3600E51403 /* TWTextEditorSDK */,
				D30E0E0B2BE1585300877A41 /* TwitterCounter */,
				D30E0E222BE1585500877A41 /* TwitterCounterTests */,
				D30E0E2C2BE1585500877A41 /* TwitterCounterUITests */,
				D30E0E0A2BE1585300877A41 /* Products */,
			);
			sourceTree = "<group>";
		};
		D30E0E0A2BE1585300877A41 /* Products */ = {
			isa = PBXGroup;
			children = (
				D30E0E092BE1585300877A41 /* TwitterCounter.app */,
				D30E0E1F2BE1585500877A41 /* TwitterCounterTests.xctest */,
				D30E0E292BE1585500877A41 /* TwitterCounterUITests.xctest */,
			);
			name = Products;
			sourceTree = "<group>";
		};
		D30E0E0B2BE1585300877A41 /* TwitterCounter */ = {
			isa = PBXGroup;
			children = (
				D3CD1A982BE3895F007D9261 /* Models */,
				D3CD1A8C2BE30225007D9261 /* NetworkServices */,
				D30E0E3C2BE158EE00877A41 /* ViewControllers */,
				D30E0E0C2BE1585300877A41 /* AppDelegate.swift */,
				D30E0E0E2BE1585300877A41 /* SceneDelegate.swift */,
				D30E0E102BE1585300877A41 /* ViewController.swift */,
				D30E0E122BE1585300877A41 /* Main.storyboard */,
				D30E0E152BE1585500877A41 /* Assets.xcassets */,
				D30E0E172BE1585500877A41 /* LaunchScreen.storyboard */,
				D30E0E1A2BE1585500877A41 /* Info.plist */,
			);
			path = TwitterCounter;
			sourceTree = "<group>";
		};
		D30E0E222BE1585500877A41 /* TwitterCounterTests */ = {
			isa = PBXGroup;
			children = (
				D30E0E232BE1585500877A41 /* TwitterCounterTests.swift */,
			);
			path = TwitterCounterTests;
			sourceTree = "<group>";
		};
		D30E0E2C2BE1585500877A41 /* TwitterCounterUITests */ = {
			isa = PBXGroup;
			children = (
				D30E0E2D2BE1585500877A41 /* TwitterCounterUITests.swift */,
				D30E0E2F2BE1585500877A41 /* TwitterCounterUITestsLaunchTests.swift */,
			);
			path = TwitterCounterUITests;
			sourceTree = "<group>";
		};
		D30E0E3C2BE158EE00877A41 /* ViewControllers */ = {
			isa = PBXGroup;
			children = (
				D30E0E472BE15AB600877A41 /* TwitterCounterVC */,
				D30E0E412BE1596500877A41 /* InitialVC */,
			);
			path = ViewControllers;
			sourceTree = "<group>";
		};
		D30E0E412BE1596500877A41 /* InitialVC */ = {
			isa = PBXGroup;
			children = (
				D30E0E3D2BE1591A00877A41 /* CustomSplashViewController.swift */,
				D30E0E3E2BE1591A00877A41 /* CustomSplashViewController.xib */,
			);
			path = InitialVC;
			sourceTree = "<group>";
		};
		D30E0E472BE15AB600877A41 /* TwitterCounterVC */ = {
			isa = PBXGroup;
			children = (
				D30E0E4D2BE15C3100877A41 /* TwitterCharactersCounterViewController.xib */,
				D30E0E482BE15AD800877A41 /* TwitterCharactersCounterViewController.swift */,
			);
			path = TwitterCounterVC;
			sourceTree = "<group>";
		};
		D3CD1A8C2BE30225007D9261 /* NetworkServices */ = {
			isa = PBXGroup;
			children = (
				D3CD1A8F2BE3023C007D9261 /* EndPoint.swift */,
				D3CD1A8D2BE3023C007D9261 /* HTTPMethod.swift */,
				D3CD1A8E2BE3023C007D9261 /* NetworkService.swift */,
				D3CD1A902BE3023C007D9261 /* URLSessionNetworkService.swift */,
			);
			path = NetworkServices;
			sourceTree = "<group>";
		};
		D3CD1A982BE3895F007D9261 /* Models */ = {
			isa = PBXGroup;
			children = (
				D3CD1A992BE3896C007D9261 /* Models.swift */,
			);
			path = Models;
			sourceTree = "<group>";
		};
/* End PBXGroup section */

/* Begin PBXNativeTarget section */
		D30E0E082BE1585300877A41 /* TwitterCounter */ = {
			isa = PBXNativeTarget;
			buildConfigurationList = D30E0E332BE1585500877A41 /* Build configuration list for PBXNativeTarget "TwitterCounter" */;
			buildPhases = (
				D30E0E052BE1585300877A41 /* Sources */,
				D30E0E062BE1585300877A41 /* Frameworks */,
				D30E0E072BE1585300877A41 /* Resources */,
			);
			buildRules = (
			);
			dependencies = (
			);
			name = TwitterCounter;
			packageProductDependencies = (
				D30E0E452BE15A4900877A41 /* TWTextEditorSDK */,
				D3CD1A962BE3045E007D9261 /* OAuthSwift */,
			);
			productName = TwitterCounter;
			productReference = D30E0E092BE1585300877A41 /* TwitterCounter.app */;
			productType = "com.apple.product-type.application";
		};
		D30E0E1E2BE1585500877A41 /* TwitterCounterTests */ = {
			isa = PBXNativeTarget;
			buildConfigurationList = D30E0E362BE1585500877A41 /* Build configuration list for PBXNativeTarget "TwitterCounterTests" */;
			buildPhases = (
				D30E0E1B2BE1585500877A41 /* Sources */,
				D30E0E1C2BE1585500877A41 /* Frameworks */,
				D30E0E1D2BE1585500877A41 /* Resources */,
			);
			buildRules = (
			);
			dependencies = (
				D30E0E212BE1585500877A41 /* PBXTargetDependency */,
			);
			name = TwitterCounterTests;
			productName = TwitterCounterTests;
			productReference = D30E0E1F2BE1585500877A41 /* TwitterCounterTests.xctest */;
			productType = "com.apple.product-type.bundle.unit-test";
		};
		D30E0E282BE1585500877A41 /* TwitterCounterUITests */ = {
			isa = PBXNativeTarget;
			buildConfigurationList = D30E0E392BE1585500877A41 /* Build configuration list for PBXNativeTarget "TwitterCounterUITests" */;
			buildPhases = (
				D30E0E252BE1585500877A41 /* Sources */,
				D30E0E262BE1585500877A41 /* Frameworks */,
				D30E0E272BE1585500877A41 /* Resources */,
			);
			buildRules = (
			);
			dependencies = (
				D30E0E2B2BE1585500877A41 /* PBXTargetDependency */,
			);
			name = TwitterCounterUITests;
			productName = TwitterCounterUITests;
			productReference = D30E0E292BE1585500877A41 /* TwitterCounterUITests.xctest */;
			productType = "com.apple.product-type.bundle.ui-testing";
		};
/* End PBXNativeTarget section */

/* Begin PBXProject section */
		D30E0E012BE1585300877A41 /* Project object */ = {
			isa = PBXProject;
			attributes = {
				BuildIndependentTargetsInParallel = 1;
				LastSwiftUpdateCheck = 1500;
				LastUpgradeCheck = 1500;
				TargetAttributes = {
					D30E0E082BE1585300877A41 = {
						CreatedOnToolsVersion = 15.0;
					};
					D30E0E1E2BE1585500877A41 = {
						CreatedOnToolsVersion = 15.0;
						TestTargetID = D30E0E082BE1585300877A41;
					};
					D30E0E282BE1585500877A41 = {
						CreatedOnToolsVersion = 15.0;
						TestTargetID = D30E0E082BE1585300877A41;
					};
				};
			};
			buildConfigurationList = D30E0E042BE1585300877A41 /* Build configuration list for PBXProject "TwitterCounter" */;
			compatibilityVersion = "Xcode 14.0";
			developmentRegion = en;
			hasScannedForEncodings = 0;
			knownRegions = (
				en,
				Base,
			);
			mainGroup = D30E0E002BE1585300877A41;
			packageReferences = (
				D30E0E442BE15A4900877A41 /* XCRemoteSwiftPackageReference "TWTextEditorSDK" */,
				D3CD1A952BE3045E007D9261 /* XCRemoteSwiftPackageReference "OAuthSwift" */,
			);
			productRefGroup = D30E0E0A2BE1585300877A41 /* Products */;
			projectDirPath = "";
			projectRoot = "";
			targets = (
				D30E0E082BE1585300877A41 /* TwitterCounter */,
				D30E0E1E2BE1585500877A41 /* TwitterCounterTests */,
				D30E0E282BE1585500877A41 /* TwitterCounterUITests */,
			);
		};
/* End PBXProject section */

/* Begin PBXResourcesBuildPhase section */
		D30E0E072BE1585300877A41 /* Resources */ = {
			isa = PBXResourcesBuildPhase;
			buildActionMask = 2147483647;
			files = (
				D30E0E402BE1591A00877A41 /* CustomSplashViewController.xib in Resources */,
				D30E0E192BE1585500877A41 /* LaunchScreen.storyboard in Resources */,
				D30E0E162BE1585500877A41 /* Assets.xcassets in Resources */,
				D30E0E142BE1585300877A41 /* Main.storyboard in Resources */,
				D30E0E4E2BE15C3100877A41 /* TwitterCharactersCounterViewController.xib in Resources */,
			);
			runOnlyForDeploymentPostprocessing = 0;
		};
		D30E0E1D2BE1585500877A41 /* Resources */ = {
			isa = PBXResourcesBuildPhase;
			buildActionMask = 2147483647;
			files = (
			);
			runOnlyForDeploymentPostprocessing = 0;
		};
		D30E0E272BE1585500877A41 /* Resources */ = {
			isa = PBXResourcesBuildPhase;
			buildActionMask = 2147483647;
			files = (
			);
			runOnlyForDeploymentPostprocessing = 0;
		};
/* End PBXResourcesBuildPhase section */

/* Begin PBXSourcesBuildPhase section */
		D30E0E052BE1585300877A41 /* Sources */ = {
			isa = PBXSourcesBuildPhase;
			buildActionMask = 2147483647;
			files = (
				D30E0E3F2BE1591A00877A41 /* CustomSplashViewController.swift in Sources */,
				D30E0E4A2BE15AD800877A41 /* TwitterCharactersCounterViewController.swift in Sources */,
				D3CD1A932BE3023C007D9261 /* EndPoint.swift in Sources */,
				D3CD1A912BE3023C007D9261 /* HTTPMethod.swift in Sources */,
				D30E0E112BE1585300877A41 /* ViewController.swift in Sources */,
				D3CD1A942BE3023C007D9261 /* URLSessionNetworkService.swift in Sources */,
				D30E0E0D2BE1585300877A41 /* AppDelegate.swift in Sources */,
				D30E0E0F2BE1585300877A41 /* SceneDelegate.swift in Sources */,
				D3CD1A922BE3023C007D9261 /* NetworkService.swift in Sources */,
				D3CD1A9A2BE3896C007D9261 /* Models.swift in Sources */,
			);
			runOnlyForDeploymentPostprocessing = 0;
		};
		D30E0E1B2BE1585500877A41 /* Sources */ = {
			isa = PBXSourcesBuildPhase;
			buildActionMask = 2147483647;
			files = (
				D30E0E242BE1585500877A41 /* TwitterCounterTests.swift in Sources */,
			);
			runOnlyForDeploymentPostprocessing = 0;
		};
		D30E0E252BE1585500877A41 /* Sources */ = {
			isa = PBXSourcesBuildPhase;
			buildActionMask = 2147483647;
			files = (
				D30E0E2E2BE1585500877A41 /* TwitterCounterUITests.swift in Sources */,
				D30E0E302BE1585500877A41 /* TwitterCounterUITestsLaunchTests.swift in Sources */,
			);
			runOnlyForDeploymentPostprocessing = 0;
		};
/* End PBXSourcesBuildPhase section */

/* Begin PBXTargetDependency section */
		D30E0E212BE1585500877A41 /* PBXTargetDependency */ = {
			isa = PBXTargetDependency;
			target = D30E0E082BE1585300877A41 /* TwitterCounter */;
			targetProxy = D30E0E202BE1585500877A41 /* PBXContainerItemProxy */;
		};
		D30E0E2B2BE1585500877A41 /* PBXTargetDependency */ = {
			isa = PBXTargetDependency;
			target = D30E0E082BE1585300877A41 /* TwitterCounter */;
			targetProxy = D30E0E2A2BE1585500877A41 /* PBXContainerItemProxy */;
		};
/* End PBXTargetDependency section */

/* Begin PBXVariantGroup section */
		D30E0E122BE1585300877A41 /* Main.storyboard */ = {
			isa = PBXVariantGroup;
			children = (
				D30E0E132BE1585300877A41 /* Base */,
			);
			name = Main.storyboard;
			sourceTree = "<group>";
		};
		D30E0E172BE1585500877A41 /* LaunchScreen.storyboard */ = {
			isa = PBXVariantGroup;
			children = (
				D30E0E182BE1585500877A41 /* Base */,
			);
			name = LaunchScreen.storyboard;
			sourceTree = "<group>";
		};
/* End PBXVariantGroup section */

/* Begin XCBuildConfiguration section */
		D30E0E312BE1585500877A41 /* Debug */ = {
			isa = XCBuildConfiguration;
			buildSettings = {
				ALWAYS_SEARCH_USER_PATHS = NO;
				ASSETCATALOG_COMPILER_GENERATE_SWIFT_ASSET_SYMBOL_EXTENSIONS = YES;
				CLANG_ANALYZER_NONNULL = YES;
				CLANG_ANALYZER_NUMBER_OBJECT_CONVERSION = YES_AGGRESSIVE;
				CLANG_CXX_LANGUAGE_STANDARD = "gnu++20";
				CLANG_ENABLE_MODULES = YES;
				CLANG_ENABLE_OBJC_ARC = YES;
				CLANG_ENABLE_OBJC_WEAK = YES;
				CLANG_WARN_BLOCK_CAPTURE_AUTORELEASING = YES;
				CLANG_WARN_BOOL_CONVERSION = YES;
				CLANG_WARN_COMMA = YES;
				CLANG_WARN_CONSTANT_CONVERSION = YES;
				CLANG_WARN_DEPRECATED_OBJC_IMPLEMENTATIONS = YES;
				CLANG_WARN_DIRECT_OBJC_ISA_USAGE = YES_ERROR;
				CLANG_WARN_DOCUMENTATION_COMMENTS = YES;
				CLANG_WARN_EMPTY_BODY = YES;
				CLANG_WARN_ENUM_CONVERSION = YES;
				CLANG_WARN_INFINITE_RECURSION = YES;
				CLANG_WARN_INT_CONVERSION = YES;
				CLANG_WARN_NON_LITERAL_NULL_CONVERSION = YES;
				CLANG_WARN_OBJC_IMPLICIT_RETAIN_SELF = YES;
				CLANG_WARN_OBJC_LITERAL_CONVERSION = YES;
				CLANG_WARN_OBJC_ROOT_CLASS = YES_ERROR;
				CLANG_WARN_QUOTED_INCLUDE_IN_FRAMEWORK_HEADER = YES;
				CLANG_WARN_RANGE_LOOP_ANALYSIS = YES;
				CLANG_WARN_STRICT_PROTOTYPES = YES;
				CLANG_WARN_SUSPICIOUS_MOVE = YES;
				CLANG_WARN_UNGUARDED_AVAILABILITY = YES_AGGRESSIVE;
				CLANG_WARN_UNREACHABLE_CODE = YES;
				CLANG_WARN__DUPLICATE_METHOD_MATCH = YES;
				COPY_PHASE_STRIP = NO;
				DEBUG_INFORMATION_FORMAT = dwarf;
				ENABLE_STRICT_OBJC_MSGSEND = YES;
				ENABLE_TESTABILITY = YES;
				ENABLE_USER_SCRIPT_SANDBOXING = YES;
				GCC_C_LANGUAGE_STANDARD = gnu17;
				GCC_DYNAMIC_NO_PIC = NO;
				GCC_NO_COMMON_BLOCKS = YES;
				GCC_OPTIMIZATION_LEVEL = 0;
				GCC_PREPROCESSOR_DEFINITIONS = (
					"DEBUG=1",
					"$(inherited)",
				);
				GCC_WARN_64_TO_32_BIT_CONVERSION = YES;
				GCC_WARN_ABOUT_RETURN_TYPE = YES_ERROR;
				GCC_WARN_UNDECLARED_SELECTOR = YES;
				GCC_WARN_UNINITIALIZED_AUTOS = YES_AGGRESSIVE;
				GCC_WARN_UNUSED_FUNCTION = YES;
				GCC_WARN_UNUSED_VARIABLE = YES;
				IPHONEOS_DEPLOYMENT_TARGET = 17.0;
				LOCALIZATION_PREFERS_STRING_CATALOGS = YES;
				MTL_ENABLE_DEBUG_INFO = INCLUDE_SOURCE;
				MTL_FAST_MATH = YES;
				ONLY_ACTIVE_ARCH = YES;
				SDKROOT = iphoneos;
				SWIFT_ACTIVE_COMPILATION_CONDITIONS = "DEBUG $(inherited)";
				SWIFT_OPTIMIZATION_LEVEL = "-Onone";
			};
			name = Debug;
		};
		D30E0E322BE1585500877A41 /* Release */ = {
			isa = XCBuildConfiguration;
			buildSettings = {
				ALWAYS_SEARCH_USER_PATHS = NO;
				ASSETCATALOG_COMPILER_GENERATE_SWIFT_ASSET_SYMBOL_EXTENSIONS = YES;
				CLANG_ANALYZER_NONNULL = YES;
				CLANG_ANALYZER_NUMBER_OBJECT_CONVERSION = YES_AGGRESSIVE;
				CLANG_CXX_LANGUAGE_STANDARD = "gnu++20";
				CLANG_ENABLE_MODULES = YES;
				CLANG_ENABLE_OBJC_ARC = YES;
				CLANG_ENABLE_OBJC_WEAK = YES;
				CLANG_WARN_BLOCK_CAPTURE_AUTORELEASING = YES;
				CLANG_WARN_BOOL_CONVERSION = YES;
				CLANG_WARN_COMMA = YES;
				CLANG_WARN_CONSTANT_CONVERSION = YES;
				CLANG_WARN_DEPRECATED_OBJC_IMPLEMENTATIONS = YES;
				CLANG_WARN_DIRECT_OBJC_ISA_USAGE = YES_ERROR;
				CLANG_WARN_DOCUMENTATION_COMMENTS = YES;
				CLANG_WARN_EMPTY_BODY = YES;
				CLANG_WARN_ENUM_CONVERSION = YES;
				CLANG_WARN_INFINITE_RECURSION = YES;
				CLANG_WARN_INT_CONVERSION = YES;
				CLANG_WARN_NON_LITERAL_NULL_CONVERSION = YES;
				CLANG_WARN_OBJC_IMPLICIT_RETAIN_SELF = YES;
				CLANG_WARN_OBJC_LITERAL_CONVERSION = YES;
				CLANG_WARN_OBJC_ROOT_CLASS = YES_ERROR;
				CLANG_WARN_QUOTED_INCLUDE_IN_FRAMEWORK_HEADER = YES;
				CLANG_WARN_RANGE_LOOP_ANALYSIS = YES;
				CLANG_WARN_STRICT_PROTOTYPES = YES;
				CLANG_WARN_SUSPICIOUS_MOVE = YES;
				CLANG_WARN_UNGUARDED_AVAILABILITY = YES_AGGRESSIVE;
				CLANG_WARN_UNREACHABLE_CODE = YES;
				CLANG_WARN__DUPLICATE_METHOD_MATCH = YES;
				COPY_PHASE_STRIP = NO;
				DEBUG_INFORMATION_FORMAT = "dwarf-with-dsym";
				ENABLE_NS_ASSERTIONS = NO;
				ENABLE_STRICT_OBJC_MSGSEND = YES;
				ENABLE_USER_SCRIPT_SANDBOXING = YES;
				GCC_C_LANGUAGE_STANDARD = gnu17;
				GCC_NO_COMMON_BLOCKS = YES;
				GCC_WARN_64_TO_32_BIT_CONVERSION = YES;
				GCC_WARN_ABOUT_RETURN_TYPE = YES_ERROR;
				GCC_WARN_UNDECLARED_SELECTOR = YES;
				GCC_WARN_UNINITIALIZED_AUTOS = YES_AGGRESSIVE;
				GCC_WARN_UNUSED_FUNCTION = YES;
				GCC_WARN_UNUSED_VARIABLE = YES;
				IPHONEOS_DEPLOYMENT_TARGET = 17.0;
				LOCALIZATION_PREFERS_STRING_CATALOGS = YES;
				MTL_ENABLE_DEBUG_INFO = NO;
				MTL_FAST_MATH = YES;
				SDKROOT = iphoneos;
				SWIFT_COMPILATION_MODE = wholemodule;
				VALIDATE_PRODUCT = YES;
			};
			name = Release;
		};
		D30E0E342BE1585500877A41 /* Debug */ = {
			isa = XCBuildConfiguration;
			buildSettings = {
				ASSETCATALOG_COMPILER_APPICON_NAME = AppIcon;
				ASSETCATALOG_COMPILER_GLOBAL_ACCENT_COLOR_NAME = AccentColor;
				CODE_SIGN_STYLE = Automatic;
				CURRENT_PROJECT_VERSION = 1;
				DEVELOPMENT_TEAM = 7QVHT6489F;
				GENERATE_INFOPLIST_FILE = YES;
				INFOPLIST_FILE = TwitterCounter/Info.plist;
				INFOPLIST_KEY_UIApplicationSupportsIndirectInputEvents = YES;
				INFOPLIST_KEY_UILaunchStoryboardName = LaunchScreen;
				INFOPLIST_KEY_UIMainStoryboardFile = Main;
				INFOPLIST_KEY_UISupportedInterfaceOrientations_iPad = "UIInterfaceOrientationPortrait UIInterfaceOrientationPortraitUpsideDown UIInterfaceOrientationLandscapeLeft UIInterfaceOrientationLandscapeRight";
				INFOPLIST_KEY_UISupportedInterfaceOrientations_iPhone = "UIInterfaceOrientationPortrait UIInterfaceOrientationLandscapeLeft UIInterfaceOrientationLandscapeRight";
				LD_RUNPATH_SEARCH_PATHS = (
					"$(inherited)",
					"@executable_path/Frameworks",
				);
				MARKETING_VERSION = 1.0;
				PRODUCT_BUNDLE_IDENTIFIER = com.yousef.iOS.TwitterCounter;
				PRODUCT_NAME = "$(TARGET_NAME)";
				SWIFT_EMIT_LOC_STRINGS = YES;
				SWIFT_VERSION = 5.0;
				TARGETED_DEVICE_FAMILY = "1,2";
			};
			name = Debug;
		};
		D30E0E352BE1585500877A41 /* Release */ = {
			isa = XCBuildConfiguration;
			buildSettings = {
				ASSETCATALOG_COMPILER_APPICON_NAME = AppIcon;
				ASSETCATALOG_COMPILER_GLOBAL_ACCENT_COLOR_NAME = AccentColor;
				CODE_SIGN_STYLE = Automatic;
				CURRENT_PROJECT_VERSION = 1;
				DEVELOPMENT_TEAM = 7QVHT6489F;
				GENERATE_INFOPLIST_FILE = YES;
				INFOPLIST_FILE = TwitterCounter/Info.plist;
				INFOPLIST_KEY_UIApplicationSupportsIndirectInputEvents = YES;
				INFOPLIST_KEY_UILaunchStoryboardName = LaunchScreen;
				INFOPLIST_KEY_UIMainStoryboardFile = Main;
				INFOPLIST_KEY_UISupportedInterfaceOrientations_iPad = "UIInterfaceOrientationPortrait UIInterfaceOrientationPortraitUpsideDown UIInterfaceOrientationLandscapeLeft UIInterfaceOrientationLandscapeRight";
				INFOPLIST_KEY_UISupportedInterfaceOrientations_iPhone = "UIInterfaceOrientationPortrait UIInterfaceOrientationLandscapeLeft UIInterfaceOrientationLandscapeRight";
				LD_RUNPATH_SEARCH_PATHS = (
					"$(inherited)",
					"@executable_path/Frameworks",
				);
				MARKETING_VERSION = 1.0;
				PRODUCT_BUNDLE_IDENTIFIER = com.yousef.iOS.TwitterCounter;
				PRODUCT_NAME = "$(TARGET_NAME)";
				SWIFT_EMIT_LOC_STRINGS = YES;
				SWIFT_VERSION = 5.0;
				TARGETED_DEVICE_FAMILY = "1,2";
			};
			name = Release;
		};
		D30E0E372BE1585500877A41 /* Debug */ = {
			isa = XCBuildConfiguration;
			buildSettings = {
				ALWAYS_EMBED_SWIFT_STANDARD_LIBRARIES = YES;
				BUNDLE_LOADER = "$(TEST_HOST)";
				CODE_SIGN_STYLE = Automatic;
				CURRENT_PROJECT_VERSION = 1;
				DEVELOPMENT_TEAM = 7QVHT6489F;
				GENERATE_INFOPLIST_FILE = YES;
				IPHONEOS_DEPLOYMENT_TARGET = 17.0;
				MARKETING_VERSION = 1.0;
				PRODUCT_BUNDLE_IDENTIFIER = com.yousef.iOS.TwitterCounterTests;
				PRODUCT_NAME = "$(TARGET_NAME)";
				SWIFT_EMIT_LOC_STRINGS = NO;
				SWIFT_VERSION = 5.0;
				TARGETED_DEVICE_FAMILY = "1,2";
				TEST_HOST = "$(BUILT_PRODUCTS_DIR)/TwitterCounter.app/$(BUNDLE_EXECUTABLE_FOLDER_PATH)/TwitterCounter";
			};
			name = Debug;
		};
		D30E0E382BE1585500877A41 /* Release */ = {
			isa = XCBuildConfiguration;
			buildSettings = {
				ALWAYS_EMBED_SWIFT_STANDARD_LIBRARIES = YES;
				BUNDLE_LOADER = "$(TEST_HOST)";
				CODE_SIGN_STYLE = Automatic;
				CURRENT_PROJECT_VERSION = 1;
				DEVELOPMENT_TEAM = 7QVHT6489F;
				GENERATE_INFOPLIST_FILE = YES;
				IPHONEOS_DEPLOYMENT_TARGET = 17.0;
				MARKETING_VERSION = 1.0;
				PRODUCT_BUNDLE_IDENTIFIER = com.yousef.iOS.TwitterCounterTests;
				PRODUCT_NAME = "$(TARGET_NAME)";
				SWIFT_EMIT_LOC_STRINGS = NO;
				SWIFT_VERSION = 5.0;
				TARGETED_DEVICE_FAMILY = "1,2";
				TEST_HOST = "$(BUILT_PRODUCTS_DIR)/TwitterCounter.app/$(BUNDLE_EXECUTABLE_FOLDER_PATH)/TwitterCounter";
			};
			name = Release;
		};
		D30E0E3A2BE1585500877A41 /* Debug */ = {
			isa = XCBuildConfiguration;
			buildSettings = {
				ALWAYS_EMBED_SWIFT_STANDARD_LIBRARIES = YES;
				CODE_SIGN_STYLE = Automatic;
				CURRENT_PROJECT_VERSION = 1;
				DEVELOPMENT_TEAM = 7QVHT6489F;
				GENERATE_INFOPLIST_FILE = YES;
				MARKETING_VERSION = 1.0;
				PRODUCT_BUNDLE_IDENTIFIER = com.yousef.iOS.TwitterCounterUITests;
				PRODUCT_NAME = "$(TARGET_NAME)";
				SWIFT_EMIT_LOC_STRINGS = NO;
				SWIFT_VERSION = 5.0;
				TARGETED_DEVICE_FAMILY = "1,2";
				TEST_TARGET_NAME = TwitterCounter;
			};
			name = Debug;
		};
		D30E0E3B2BE1585500877A41 /* Release */ = {
			isa = XCBuildConfiguration;
			buildSettings = {
				ALWAYS_EMBED_SWIFT_STANDARD_LIBRARIES = YES;
				CODE_SIGN_STYLE = Automatic;
				CURRENT_PROJECT_VERSION = 1;
				DEVELOPMENT_TEAM = 7QVHT6489F;
				GENERATE_INFOPLIST_FILE = YES;
				MARKETING_VERSION = 1.0;
				PRODUCT_BUNDLE_IDENTIFIER = com.yousef.iOS.TwitterCounterUITests;
				PRODUCT_NAME = "$(TARGET_NAME)";
				SWIFT_EMIT_LOC_STRINGS = NO;
				SWIFT_VERSION = 5.0;
				TARGETED_DEVICE_FAMILY = "1,2";
				TEST_TARGET_NAME = TwitterCounter;
			};
			name = Release;
		};
/* End XCBuildConfiguration section */

/* Begin XCConfigurationList section */
		D30E0E042BE1585300877A41 /* Build configuration list for PBXProject "TwitterCounter" */ = {
			isa = XCConfigurationList;
			buildConfigurations = (
				D30E0E312BE1585500877A41 /* Debug */,
				D30E0E322BE1585500877A41 /* Release */,
			);
			defaultConfigurationIsVisible = 0;
			defaultConfigurationName = Release;
		};
		D30E0E332BE1585500877A41 /* Build configuration list for PBXNativeTarget "TwitterCounter" */ = {
			isa = XCConfigurationList;
			buildConfigurations = (
				D30E0E342BE1585500877A41 /* Debug */,
				D30E0E352BE1585500877A41 /* Release */,
			);
			defaultConfigurationIsVisible = 0;
			defaultConfigurationName = Release;
		};
		D30E0E362BE1585500877A41 /* Build configuration list for PBXNativeTarget "TwitterCounterTests" */ = {
			isa = XCConfigurationList;
			buildConfigurations = (
				D30E0E372BE1585500877A41 /* Debug */,
				D30E0E382BE1585500877A41 /* Release */,
			);
			defaultConfigurationIsVisible = 0;
			defaultConfigurationName = Release;
		};
		D30E0E392BE1585500877A41 /* Build configuration list for PBXNativeTarget "TwitterCounterUITests" */ = {
			isa = XCConfigurationList;
			buildConfigurations = (
				D30E0E3A2BE1585500877A41 /* Debug */,
				D30E0E3B2BE1585500877A41 /* Release */,
			);
			defaultConfigurationIsVisible = 0;
			defaultConfigurationName = Release;
		};
/* End XCConfigurationList section */

/* Begin XCRemoteSwiftPackageReference section */
		D30E0E442BE15A4900877A41 /* XCRemoteSwiftPackageReference "TWTextEditorSDK" */ = {
			isa = XCRemoteSwiftPackageReference;
			repositoryURL = "https://github.com/yousefelsayed/TWTextEditorSDK.git";
			requirement = {
				branch = master;
				kind = branch;
			};
		};
		D3CD1A952BE3045E007D9261 /* XCRemoteSwiftPackageReference "OAuthSwift" */ = {
			isa = XCRemoteSwiftPackageReference;
			repositoryURL = "https://github.com/OAuthSwift/OAuthSwift.git";
			requirement = {
				kind = upToNextMajorVersion;
				minimumVersion = 2.2.0;
			};
		};
/* End XCRemoteSwiftPackageReference section */

/* Begin XCSwiftPackageProductDependency section */
		D30E0E452BE15A4900877A41 /* TWTextEditorSDK */ = {
			isa = XCSwiftPackageProductDependency;
			package = D30E0E442BE15A4900877A41 /* XCRemoteSwiftPackageReference "TWTextEditorSDK" */;
			productName = TWTextEditorSDK;
		};
		D3CD1A962BE3045E007D9261 /* OAuthSwift */ = {
			isa = XCSwiftPackageProductDependency;
			package = D3CD1A952BE3045E007D9261 /* XCRemoteSwiftPackageReference "OAuthSwift" */;
			productName = OAuthSwift;
		};
/* End XCSwiftPackageProductDependency section */
	};
	rootObject = D30E0E012BE1585300877A41 /* Project object */;
}
